
Microsoft Visual Studio Solution File, Format Version 12.00
# Visual Studio Version 17
VisualStudioVersion = 17.14.36623.8 d17.14
MinimumVisualStudioVersion = 10.0.40219.1
Project("{54A90642-561A-4BB1-A94E-469ADEE60C69}") = "customnimebli.client", "customnimebli.client\customnimebli.client.esproj", "{7B950FFC-5D65-D3EF-4D93-278C9DCD1DDF}"
EndProject
Project("{FAE04EC0-301F-11D3-BF4B-00C04F79EFBC}") = "CustomniMebli.Server", "CustomniMebli.Server\CustomniMebli.Server.csproj", "{29CC2622-30EA-4FED-87FA-075979E7D809}"
EndProject
Global
	GlobalSection(SolutionConfigurationPlatforms) = preSolution
		Debug|Any CPU = Debug|Any CPU
		Release|Any CPU = Release|Any CPU
	EndGlobalSection
	GlobalSection(ProjectConfigurationPlatforms) = postSolution
		{7B950FFC-5D65-D3EF-4D93-278C9DCD1DDF}.Debug|Any CPU.ActiveCfg = Debug|Any CPU
		{7B950FFC-5D65-D3EF-4D93-278C9DCD1DDF}.Debug|Any CPU.Build.0 = Debug|Any CPU
		{7B950FFC-5D65-D3EF-4D93-278C9DCD1DDF}.Debug|Any CPU.Deploy.0 = Debug|Any CPU
		{7B950FFC-5D65-D3EF-4D93-278C9DCD1DDF}.Release|Any CPU.ActiveCfg = Release|Any CPU
		{7B950FFC-5D65-D3EF-4D93-278C9DCD1DDF}.Release|Any CPU.Build.0 = Release|Any CPU
		{7B950FFC-5D65-D3EF-4D93-278C9DCD1DDF}.Release|Any CPU.Deploy.0 = Release|Any CPU
		{29CC2622-30EA-4FED-87FA-075979E7D809}.Debug|Any CPU.ActiveCfg = Debug|Any CPU
		{29CC2622-30EA-4FED-87FA-075979E7D809}.Debug|Any CPU.Build.0 = Debug|Any CPU
		{29CC2622-30EA-4FED-87FA-075979E7D809}.Release|Any CPU.ActiveCfg = Release|Any CPU
		{29CC2622-30EA-4FED-87FA-075979E7D809}.Release|Any CPU.Build.0 = Release|Any CPU
	EndGlobalSection
	GlobalSection(SolutionProperties) = preSolution
		HideSolutionNode = FALSE
	EndGlobalSection
	GlobalSection(ExtensibilityGlobals) = postSolution
		SolutionGuid = {38BCB97E-2162-4852-84D9-D5BE21286E31}
	EndGlobalSection
EndGlobal
